// !$*UTF8*$!
{
	archiveVersion = 1;
	classes = {
	};
	objectVersion = 50;
	objects = {

/* Begin PBXBuildFile section */
		7435DBF725AF641C008B7F70 /* AppDelegate.swift in Sources */ = {isa = PBXBuildFile; fileRef = 7435DBF625AF641C008B7F70 /* AppDelegate.swift */; };
		7435DBF925AF641C008B7F70 /* SceneDelegate.swift in Sources */ = {isa = PBXBuildFile; fileRef = 7435DBF825AF641C008B7F70 /* SceneDelegate.swift */; };
		7435DBFB25AF641C008B7F70 /* ViewController.swift in Sources */ = {isa = PBXBuildFile; fileRef = 7435DBFA25AF641C008B7F70 /* ViewController.swift */; };
		7435DBFE25AF641C008B7F70 /* Main.storyboard in Resources */ = {isa = PBXBuildFile; fileRef = 7435DBFC25AF641C008B7F70 /* Main.storyboard */; };
		7435DC0125AF641C008B7F70 /* Music_Project.xcdatamodeld in Sources */ = {isa = PBXBuildFile; fileRef = 7435DBFF25AF641C008B7F70 /* Music_Project.xcdatamodeld */; };
		7435DC0325AF6423008B7F70 /* Assets.xcassets in Resources */ = {isa = PBXBuildFile; fileRef = 7435DC0225AF6423008B7F70 /* Assets.xcassets */; };
		7435DC0625AF6423008B7F70 /* LaunchScreen.storyboard in Resources */ = {isa = PBXBuildFile; fileRef = 7435DC0425AF6423008B7F70 /* LaunchScreen.storyboard */; };
		7435DC1125AF6423008B7F70 /* Music_ProjectTests.swift in Sources */ = {isa = PBXBuildFile; fileRef = 7435DC1025AF6423008B7F70 /* Music_ProjectTests.swift */; };
		7435DC1C25AF6423008B7F70 /* Music_ProjectUITests.swift in Sources */ = {isa = PBXBuildFile; fileRef = 7435DC1B25AF6423008B7F70 /* Music_ProjectUITests.swift */; };
/* End PBXBuildFile section */

/* Begin PBXContainerItemProxy section */
		7435DC0D25AF6423008B7F70 /* PBXContainerItemProxy */ = {
			isa = PBXContainerItemProxy;
			containerPortal = 7435DBEB25AF641C008B7F70 /* Project object */;
			proxyType = 1;
			remoteGlobalIDString = 7435DBF225AF641C008B7F70;
			remoteInfo = "Music-Project";
		};
		7435DC1825AF6423008B7F70 /* PBXContainerItemProxy */ = {
			isa = PBXContainerItemProxy;
			containerPortal = 7435DBEB25AF641C008B7F70 /* Project object */;
			proxyType = 1;
			remoteGlobalIDString = 7435DBF225AF641C008B7F70;
			remoteInfo = "Music-Project";
		};
/* End PBXContainerItemProxy section */

/* Begin PBXFileReference section */
		7435DBF325AF641C008B7F70 /* Music-Project.app */ = {isa = PBXFileReference; explicitFileType = wrapper.application; includeInIndex = 0; path = "Music-Project.app"; sourceTree = BUILT_PRODUCTS_DIR; };
		7435DBF625AF641C008B7F70 /* AppDelegate.swift */ = {isa = PBXFileReference; lastKnownFileType = sourcecode.swift; path = AppDelegate.swift; sourceTree = "<group>"; };
		7435DBF825AF641C008B7F70 /* SceneDelegate.swift */ = {isa = PBXFileReference; lastKnownFileType = sourcecode.swift; path = SceneDelegate.swift; sourceTree = "<group>"; };
		7435DBFA25AF641C008B7F70 /* ViewController.swift */ = {isa = PBXFileReference; lastKnownFileType = sourcecode.swift; path = ViewController.swift; sourceTree = "<group>"; };
		7435DBFD25AF641C008B7F70 /* Base */ = {isa = PBXFileReference; lastKnownFileType = file.storyboard; name = Base; path = Base.lproj/Main.storyboard; sourceTree = "<group>"; };
		7435DC0025AF641C008B7F70 /* Music_Project.xcdatamodel */ = {isa = PBXFileReference; lastKnownFileType = wrapper.xcdatamodel; path = Music_Project.xcdatamodel; sourceTree = "<group>"; };
		7435DC0225AF6423008B7F70 /* Assets.xcassets */ = {isa = PBXFileReference; lastKnownFileType = folder.assetcatalog; path = Assets.xcassets; sourceTree = "<group>"; };
		7435DC0525AF6423008B7F70 /* Base */ = {isa = PBXFileReference; lastKnownFileType = file.storyboard; name = Base; path = Base.lproj/LaunchScreen.storyboard; sourceTree = "<group>"; };
		7435DC0725AF6423008B7F70 /* Info.plist */ = {isa = PBXFileReference; lastKnownFileType = text.plist.xml; path = Info.plist; sourceTree = "<group>"; };
		7435DC0C25AF6423008B7F70 /* Music-ProjectTests.xctest */ = {isa = PBXFileReference; explicitFileType = wrapper.cfbundle; includeInIndex = 0; path = "Music-ProjectTests.xctest"; sourceTree = BUILT_PRODUCTS_DIR; };
		7435DC1025AF6423008B7F70 /* Music_ProjectTests.swift */ = {isa = PBXFileReference; lastKnownFileType = sourcecode.swift; path = Music_ProjectTests.swift; sourceTree = "<group>"; };
		7435DC1225AF6423008B7F70 /* Info.plist */ = {isa = PBXFileReference; lastKnownFileType = text.plist.xml; path = Info.plist; sourceTree = "<group>"; };
		7435DC1725AF6423008B7F70 /* Music-ProjectUITests.xctest */ = {isa = PBXFileReference; explicitFileType = wrapper.cfbundle; includeInIndex = 0; path = "Music-ProjectUITests.xctest"; sourceTree = BUILT_PRODUCTS_DIR; };
		7435DC1B25AF6423008B7F70 /* Music_ProjectUITests.swift */ = {isa = PBXFileReference; lastKnownFileType = sourcecode.swift; path = Music_ProjectUITests.swift; sourceTree = "<group>"; };
		7435DC1D25AF6423008B7F70 /* Info.plist */ = {isa = PBXFileReference; lastKnownFileType = text.plist.xml; path = Info.plist; sourceTree = "<group>"; };
/* End PBXFileReference section */

/* Begin PBXFrameworksBuildPhase section */
		7435DBF025AF641C008B7F70 /* Frameworks */ = {
			isa = PBXFrameworksBuildPhase;
			buildActionMask = 2147483647;
			files = (
			);
			runOnlyForDeploymentPostprocessing = 0;
		};
		7435DC0925AF6423008B7F70 /* Frameworks */ = {
			isa = PBXFrameworksBuildPhase;
			buildActionMask = 2147483647;
			files = (
			);
			runOnlyForDeploymentPostprocessing = 0;
		};
		7435DC1425AF6423008B7F70 /* Frameworks */ = {
			isa = PBXFrameworksBuildPhase;
			buildActionMask = 2147483647;
			files = (
			);
			runOnlyForDeploymentPostprocessing = 0;
		};
/* End PBXFrameworksBuildPhase section */

/* Begin PBXGroup section */
		7435DBEA25AF641C008B7F70 = {
			isa = PBXGroup;
			children = (
				7435DBF525AF641C008B7F70 /* Music-Project */,
				7435DC0F25AF6423008B7F70 /* Music-ProjectTests */,
				7435DC1A25AF6423008B7F70 /* Music-ProjectUITests */,
				7435DBF425AF641C008B7F70 /* Products */,
			);
			sourceTree = "<group>";
		};
		7435DBF425AF641C008B7F70 /* Products */ = {
			isa = PBXGroup;
			children = (
				7435DBF325AF641C008B7F70 /* Music-Project.app */,
				7435DC0C25AF6423008B7F70 /* Music-ProjectTests.xctest */,
				7435DC1725AF6423008B7F70 /* Music-ProjectUITests.xctest */,
			);
			name = Products;
			sourceTree = "<group>";
		};
		7435DBF525AF641C008B7F70 /* Music-Project */ = {
			isa = PBXGroup;
			children = (
				7435DBF625AF641C008B7F70 /* AppDelegate.swift */,
				7435DBF825AF641C008B7F70 /* SceneDelegate.swift */,
				7435DBFA25AF641C008B7F70 /* ViewController.swift */,
				7435DBFC25AF641C008B7F70 /* Main.storyboard */,
				7435DC0225AF6423008B7F70 /* Assets.xcassets */,
				7435DC0425AF6423008B7F70 /* LaunchScreen.storyboard */,
				7435DC0725AF6423008B7F70 /* Info.plist */,
				7435DBFF25AF641C008B7F70 /* Music_Project.xcdatamodeld */,
			);
			path = "Music-Project";
			sourceTree = "<group>";
		};
		7435DC0F25AF6423008B7F70 /* Music-ProjectTests */ = {
			isa = PBXGroup;
			children = (
				7435DC1025AF6423008B7F70 /* Music_ProjectTests.swift */,
				7435DC1225AF6423008B7F70 /* Info.plist */,
			);
			path = "Music-ProjectTests";
			sourceTree = "<group>";
		};
		7435DC1A25AF6423008B7F70 /* Music-ProjectUITests */ = {
			isa = PBXGroup;
			children = (
				7435DC1B25AF6423008B7F70 /* Music_ProjectUITests.swift */,
				7435DC1D25AF6423008B7F70 /* Info.plist */,
			);
			path = "Music-ProjectUITests";
			sourceTree = "<group>";
		};
/* End PBXGroup section */

/* Begin PBXNativeTarget section */
		7435DBF225AF641C008B7F70 /* Music-Project */ = {
			isa = PBXNativeTarget;
			buildConfigurationList = 7435DC2025AF6423008B7F70 /* Build configuration list for PBXNativeTarget "Music-Project" */;
			buildPhases = (
				7435DBEF25AF641C008B7F70 /* Sources */,
				7435DBF025AF641C008B7F70 /* Frameworks */,
				7435DBF125AF641C008B7F70 /* Resources */,
			);
			buildRules = (
			);
			dependencies = (
			);
			name = "Music-Project";
			productName = "Music-Project";
			productReference = 7435DBF325AF641C008B7F70 /* Music-Project.app */;
			productType = "com.apple.product-type.application";
		};
		7435DC0B25AF6423008B7F70 /* Music-ProjectTests */ = {
			isa = PBXNativeTarget;
			buildConfigurationList = 7435DC2325AF6423008B7F70 /* Build configuration list for PBXNativeTarget "Music-ProjectTests" */;
			buildPhases = (
				7435DC0825AF6423008B7F70 /* Sources */,
				7435DC0925AF6423008B7F70 /* Frameworks */,
				7435DC0A25AF6423008B7F70 /* Resources */,
			);
			buildRules = (
			);
			dependencies = (
				7435DC0E25AF6423008B7F70 /* PBXTargetDependency */,
			);
			name = "Music-ProjectTests";
			productName = "Music-ProjectTests";
			productReference = 7435DC0C25AF6423008B7F70 /* Music-ProjectTests.xctest */;
			productType = "com.apple.product-type.bundle.unit-test";
		};
		7435DC1625AF6423008B7F70 /* Music-ProjectUITests */ = {
			isa = PBXNativeTarget;
			buildConfigurationList = 7435DC2625AF6423008B7F70 /* Build configuration list for PBXNativeTarget "Music-ProjectUITests" */;
			buildPhases = (
				7435DC1325AF6423008B7F70 /* Sources */,
				7435DC1425AF6423008B7F70 /* Frameworks */,
				7435DC1525AF6423008B7F70 /* Resources */,
			);
			buildRules = (
			);
			dependencies = (
				7435DC1925AF6423008B7F70 /* PBXTargetDependency */,
			);
			name = "Music-ProjectUITests";
			productName = "Music-ProjectUITests";
			productReference = 7435DC1725AF6423008B7F70 /* Music-ProjectUITests.xctest */;
			productType = "com.apple.product-type.bundle.ui-testing";
		};
/* End PBXNativeTarget section */

/* Begin PBXProject section */
		7435DBEB25AF641C008B7F70 /* Project object */ = {
			isa = PBXProject;
			attributes = {
				LastSwiftUpdateCheck = 1200;
				LastUpgradeCheck = 1200;
				TargetAttributes = {
					7435DBF225AF641C008B7F70 = {
						CreatedOnToolsVersion = 12.0.1;
					};
					7435DC0B25AF6423008B7F70 = {
						CreatedOnToolsVersion = 12.0.1;
						TestTargetID = 7435DBF225AF641C008B7F70;
					};
					7435DC1625AF6423008B7F70 = {
						CreatedOnToolsVersion = 12.0.1;
						TestTargetID = 7435DBF225AF641C008B7F70;
					};
				};
			};
			buildConfigurationList = 7435DBEE25AF641C008B7F70 /* Build configuration list for PBXProject "Music-Project" */;
			compatibilityVersion = "Xcode 9.3";
			developmentRegion = en;
			hasScannedForEncodings = 0;
			knownRegions = (
				en,
				Base,
			);
			mainGroup = 7435DBEA25AF641C008B7F70;
			productRefGroup = 7435DBF425AF641C008B7F70 /* Products */;
			projectDirPath = "";
			projectRoot = "";
			targets = (
				7435DBF225AF641C008B7F70 /* Music-Project */,
				7435DC0B25AF6423008B7F70 /* Music-ProjectTests */,
				7435DC1625AF6423008B7F70 /* Music-ProjectUITests */,
			);
		};
/* End PBXProject section */

/* Begin PBXResourcesBuildPhase section */
		7435DBF125AF641C008B7F70 /* Resources */ = {
			isa = PBXResourcesBuildPhase;
			buildActionMask = 2147483647;
			files = (
				7435DC0625AF6423008B7F70 /* LaunchScreen.storyboard in Resources */,
				7435DC0325AF6423008B7F70 /* Assets.xcassets in Resources */,
				7435DBFE25AF641C008B7F70 /* Main.storyboard in Resources */,
			);
			runOnlyForDeploymentPostprocessing = 0;
		};
		7435DC0A25AF6423008B7F70 /* Resources */ = {
			isa = PBXResourcesBuildPhase;
			buildActionMask = 2147483647;
			files = (
			);
			runOnlyForDeploymentPostprocessing = 0;
		};
		7435DC1525AF6423008B7F70 /* Resources */ = {
			isa = PBXResourcesBuildPhase;
			buildActionMask = 2147483647;
			files = (
			);
			runOnlyForDeploymentPostprocessing = 0;
		};
/* End PBXResourcesBuildPhase section */

/* Begin PBXSourcesBuildPhase section */
		7435DBEF25AF641C008B7F70 /* Sources */ = {
			isa = PBXSourcesBuildPhase;
			buildActionMask = 2147483647;
			files = (
				7435DBFB25AF641C008B7F70 /* ViewController.swift in Sources */,
				7435DC0125AF641C008B7F70 /* Music_Project.xcdatamodeld in Sources */,
				7435DBF725AF641C008B7F70 /* AppDelegate.swift in Sources */,
				7435DBF925AF641C008B7F70 /* SceneDelegate.swift in Sources */,
			);
			runOnlyForDeploymentPostprocessing = 0;
		};
		7435DC0825AF6423008B7F70 /* Sources */ = {
			isa = PBXSourcesBuildPhase;
			buildActionMask = 2147483647;
			files = (
				7435DC1125AF6423008B7F70 /* Music_ProjectTests.swift in Sources */,
			);
			runOnlyForDeploymentPostprocessing = 0;
		};
		7435DC1325AF6423008B7F70 /* Sources */ = {
			isa = PBXSourcesBuildPhase;
			buildActionMask = 2147483647;
			files = (
				7435DC1C25AF6423008B7F70 /* Music_ProjectUITests.swift in Sources */,
			);
			runOnlyForDeploymentPostprocessing = 0;
		};
/* End PBXSourcesBuildPhase section */

/* Begin PBXTargetDependency section */
		7435DC0E25AF6423008B7F70 /* PBXTargetDependency */ = {
			isa = PBXTargetDependency;
			target = 7435DBF225AF641C008B7F70 /* Music-Project */;
			targetProxy = 7435DC0D25AF6423008B7F70 /* PBXContainerItemProxy */;
		};
		7435DC1925AF6423008B7F70 /* PBXTargetDependency */ = {
			isa = PBXTargetDependency;
			target = 7435DBF225AF641C008B7F70 /* Music-Project */;
			targetProxy = 7435DC1825AF6423008B7F70 /* PBXContainerItemProxy */;
		};
/* End PBXTargetDependency section */

/* Begin PBXVariantGroup section */
		7435DBFC25AF641C008B7F70 /* Main.storyboard */ = {
			isa = PBXVariantGroup;
			children = (
				7435DBFD25AF641C008B7F70 /* Base */,
			);
			name = Main.storyboard;
			sourceTree = "<group>";
		};
		7435DC0425AF6423008B7F70 /* LaunchScreen.storyboard */ = {
			isa = PBXVariantGroup;
			children = (
				7435DC0525AF6423008B7F70 /* Base */,
			);
			name = LaunchScreen.storyboard;
			sourceTree = "<group>";
		};
/* End PBXVariantGroup section */

/* Begin XCBuildConfiguration section */
		7435DC1E25AF6423008B7F70 /* Debug */ = {
			isa = XCBuildConfiguration;
			buildSettings = {
				ALWAYS_SEARCH_USER_PATHS = NO;
				CLANG_ANALYZER_NONNULL = YES;
				CLANG_ANALYZER_NUMBER_OBJECT_CONVERSION = YES_AGGRESSIVE;
				CLANG_CXX_LANGUAGE_STANDARD = "gnu++14";
				CLANG_CXX_LIBRARY = "libc++";
				CLANG_ENABLE_MODULES = YES;
				CLANG_ENABLE_OBJC_ARC = YES;
				CLANG_ENABLE_OBJC_WEAK = YES;
				CLANG_WARN_BLOCK_CAPTURE_AUTORELEASING = YES;
				CLANG_WARN_BOOL_CONVERSION = YES;
				CLANG_WARN_COMMA = YES;
				CLANG_WARN_CONSTANT_CONVERSION = YES;
				CLANG_WARN_DEPRECATED_OBJC_IMPLEMENTATIONS = YES;
				CLANG_WARN_DIRECT_OBJC_ISA_USAGE = YES_ERROR;
				CLANG_WARN_DOCUMENTATION_COMMENTS = YES;
				CLANG_WARN_EMPTY_BODY = YES;
				CLANG_WARN_ENUM_CONVERSION = YES;
				CLANG_WARN_INFINITE_RECURSION = YES;
				CLANG_WARN_INT_CONVERSION = YES;
				CLANG_WARN_NON_LITERAL_NULL_CONVERSION = YES;
				CLANG_WARN_OBJC_IMPLICIT_RETAIN_SELF = YES;
				CLANG_WARN_OBJC_LITERAL_CONVERSION = YES;
				CLANG_WARN_OBJC_ROOT_CLASS = YES_ERROR;
				CLANG_WARN_QUOTED_INCLUDE_IN_FRAMEWORK_HEADER = YES;
				CLANG_WARN_RANGE_LOOP_ANALYSIS = YES;
				CLANG_WARN_STRICT_PROTOTYPES = YES;
				CLANG_WARN_SUSPICIOUS_MOVE = YES;
				CLANG_WARN_UNGUARDED_AVAILABILITY = YES_AGGRESSIVE;
				CLANG_WARN_UNREACHABLE_CODE = YES;
				CLANG_WARN__DUPLICATE_METHOD_MATCH = YES;
				COPY_PHASE_STRIP = NO;
				DEBUG_INFORMATION_FORMAT = dwarf;
				ENABLE_STRICT_OBJC_MSGSEND = YES;
				ENABLE_TESTABILITY = YES;
				GCC_C_LANGUAGE_STANDARD = gnu11;
				GCC_DYNAMIC_NO_PIC = NO;
				GCC_NO_COMMON_BLOCKS = YES;
				GCC_OPTIMIZATION_LEVEL = 0;
				GCC_PREPROCESSOR_DEFINITIONS = (
					"DEBUG=1",
					"$(inherited)",
				);
				GCC_WARN_64_TO_32_BIT_CONVERSION = YES;
				GCC_WARN_ABOUT_RETURN_TYPE = YES_ERROR;
				GCC_WARN_UNDECLARED_SELECTOR = YES;
				GCC_WARN_UNINITIALIZED_AUTOS = YES_AGGRESSIVE;
				GCC_WARN_UNUSED_FUNCTION = YES;
				GCC_WARN_UNUSED_VARIABLE = YES;
				IPHONEOS_DEPLOYMENT_TARGET = 14.0;
				MTL_ENABLE_DEBUG_INFO = INCLUDE_SOURCE;
				MTL_FAST_MATH = YES;
				ONLY_ACTIVE_ARCH = YES;
				SDKROOT = iphoneos;
				SWIFT_ACTIVE_COMPILATION_CONDITIONS = DEBUG;
				SWIFT_OPTIMIZATION_LEVEL = "-Onone";
			};
			name = Debug;
		};
		7435DC1F25AF6423008B7F70 /* Release */ = {
			isa = XCBuildConfiguration;
			buildSettings = {
				ALWAYS_SEARCH_USER_PATHS = NO;
				CLANG_ANALYZER_NONNULL = YES;
				CLANG_ANALYZER_NUMBER_OBJECT_CONVERSION = YES_AGGRESSIVE;
				CLANG_CXX_LANGUAGE_STANDARD = "gnu++14";
				CLANG_CXX_LIBRARY = "libc++";
				CLANG_ENABLE_MODULES = YES;
				CLANG_ENABLE_OBJC_ARC = YES;
				CLANG_ENABLE_OBJC_WEAK = YES;
				CLANG_WARN_BLOCK_CAPTURE_AUTORELEASING = YES;
				CLANG_WARN_BOOL_CONVERSION = YES;
				CLANG_WARN_COMMA = YES;
				CLANG_WARN_CONSTANT_CONVERSION = YES;
				CLANG_WARN_DEPRECATED_OBJC_IMPLEMENTATIONS = YES;
				CLANG_WARN_DIRECT_OBJC_ISA_USAGE = YES_ERROR;
				CLANG_WARN_DOCUMENTATION_COMMENTS = YES;
				CLANG_WARN_EMPTY_BODY = YES;
				CLANG_WARN_ENUM_CONVERSION = YES;
				CLANG_WARN_INFINITE_RECURSION = YES;
				CLANG_WARN_INT_CONVERSION = YES;
				CLANG_WARN_NON_LITERAL_NULL_CONVERSION = YES;
				CLANG_WARN_OBJC_IMPLICIT_RETAIN_SELF = YES;
				CLANG_WARN_OBJC_LITERAL_CONVERSION = YES;
				CLANG_WARN_OBJC_ROOT_CLASS = YES_ERROR;
				CLANG_WARN_QUOTED_INCLUDE_IN_FRAMEWORK_HEADER = YES;
				CLANG_WARN_RANGE_LOOP_ANALYSIS = YES;
				CLANG_WARN_STRICT_PROTOTYPES = YES;
				CLANG_WARN_SUSPICIOUS_MOVE = YES;
				CLANG_WARN_UNGUARDED_AVAILABILITY = YES_AGGRESSIVE;
				CLANG_WARN_UNREACHABLE_CODE = YES;
				CLANG_WARN__DUPLICATE_METHOD_MATCH = YES;
				COPY_PHASE_STRIP = NO;
				DEBUG_INFORMATION_FORMAT = "dwarf-with-dsym";
				ENABLE_NS_ASSERTIONS = NO;
				ENABLE_STRICT_OBJC_MSGSEND = YES;
				GCC_C_LANGUAGE_STANDARD = gnu11;
				GCC_NO_COMMON_BLOCKS = YES;
				GCC_WARN_64_TO_32_BIT_CONVERSION = YES;
				GCC_WARN_ABOUT_RETURN_TYPE = YES_ERROR;
				GCC_WARN_UNDECLARED_SELECTOR = YES;
				GCC_WARN_UNINITIALIZED_AUTOS = YES_AGGRESSIVE;
				GCC_WARN_UNUSED_FUNCTION = YES;
				GCC_WARN_UNUSED_VARIABLE = YES;
				IPHONEOS_DEPLOYMENT_TARGET = 14.0;
				MTL_ENABLE_DEBUG_INFO = NO;
				MTL_FAST_MATH = YES;
				SDKROOT = iphoneos;
				SWIFT_COMPILATION_MODE = wholemodule;
				SWIFT_OPTIMIZATION_LEVEL = "-O";
				VALIDATE_PRODUCT = YES;
			};
			name = Release;
		};
		7435DC2125AF6423008B7F70 /* Debug */ = {
			isa = XCBuildConfiguration;
			buildSettings = {
				ASSETCATALOG_COMPILER_APPICON_NAME = AppIcon;
				ASSETCATALOG_COMPILER_GLOBAL_ACCENT_COLOR_NAME = AccentColor;
				CODE_SIGN_STYLE = Automatic;
				INFOPLIST_FILE = "Music-Project/Info.plist";
				LD_RUNPATH_SEARCH_PATHS = (
					"$(inherited)",
					"@executable_path/Frameworks",
				);
				PRODUCT_BUNDLE_IDENTIFIER = "com.atadoruk.Music-Project";
				PRODUCT_NAME = "$(TARGET_NAME)";
				SWIFT_VERSION = 5.0;
				TARGETED_DEVICE_FAMILY = "1,2";
			};
			name = Debug;
		};
		7435DC2225AF6423008B7F70 /* Release */ = {
			isa = XCBuildConfiguration;
			buildSettings = {
				ASSETCATALOG_COMPILER_APPICON_NAME = AppIcon;
				ASSETCATALOG_COMPILER_GLOBAL_ACCENT_COLOR_NAME = AccentColor;
				CODE_SIGN_STYLE = Automatic;
				INFOPLIST_FILE = "Music-Project/Info.plist";
				LD_RUNPATH_SEARCH_PATHS = (
					"$(inherited)",
					"@executable_path/Frameworks",
				);
				PRODUCT_BUNDLE_IDENTIFIER = "com.atadoruk.Music-Project";
				PRODUCT_NAME = "$(TARGET_NAME)";
				SWIFT_VERSION = 5.0;
				TARGETED_DEVICE_FAMILY = "1,2";
			};
			name = Release;
		};
		7435DC2425AF6423008B7F70 /* Debug */ = {
			isa = XCBuildConfiguration;
			buildSettings = {
				ALWAYS_EMBED_SWIFT_STANDARD_LIBRARIES = YES;
				BUNDLE_LOADER = "$(TEST_HOST)";
				CODE_SIGN_STYLE = Automatic;
				INFOPLIST_FILE = "Music-ProjectTests/Info.plist";
				IPHONEOS_DEPLOYMENT_TARGET = 14.0;
				LD_RUNPATH_SEARCH_PATHS = (
					"$(inherited)",
					"@executable_path/Frameworks",
					"@loader_path/Frameworks",
				);
				PRODUCT_BUNDLE_IDENTIFIER = "com.atadoruk.Music-ProjectTests";
				PRODUCT_NAME = "$(TARGET_NAME)";
				SWIFT_VERSION = 5.0;
				TARGETED_DEVICE_FAMILY = "1,2";
				TEST_HOST = "$(BUILT_PRODUCTS_DIR)/Music-Project.app/Music-Project";
			};
			name = Debug;
		};
		7435DC2525AF6423008B7F70 /* Release */ = {
			isa = XCBuildConfiguration;
			buildSettings = {
				ALWAYS_EMBED_SWIFT_STANDARD_LIBRARIES = YES;
				BUNDLE_LOADER = "$(TEST_HOST)";
				CODE_SIGN_STYLE = Automatic;
				INFOPLIST_FILE = "Music-ProjectTests/Info.plist";
				IPHONEOS_DEPLOYMENT_TARGET = 14.0;
				LD_RUNPATH_SEARCH_PATHS = (
					"$(inherited)",
					"@executable_path/Frameworks",
					"@loader_path/Frameworks",
				);
				PRODUCT_BUNDLE_IDENTIFIER = "com.atadoruk.Music-ProjectTests";
				PRODUCT_NAME = "$(TARGET_NAME)";
				SWIFT_VERSION = 5.0;
				TARGETED_DEVICE_FAMILY = "1,2";
				TEST_HOST = "$(BUILT_PRODUCTS_DIR)/Music-Project.app/Music-Project";
			};
			name = Release;
		};
		7435DC2725AF6423008B7F70 /* Debug */ = {
			isa = XCBuildConfiguration;
			buildSettings = {
				ALWAYS_EMBED_SWIFT_STANDARD_LIBRARIES = YES;
				CODE_SIGN_STYLE = Automatic;
				INFOPLIST_FILE = "Music-ProjectUITests/Info.plist";
				LD_RUNPATH_SEARCH_PATHS = (
					"$(inherited)",
					"@executable_path/Frameworks",
					"@loader_path/Frameworks",
				);
				PRODUCT_BUNDLE_IDENTIFIER = "com.atadoruk.Music-ProjectUITests";
				PRODUCT_NAME = "$(TARGET_NAME)";
				SWIFT_VERSION = 5.0;
				TARGETED_DEVICE_FAMILY = "1,2";
				TEST_TARGET_NAME = "Music-Project";
			};
			name = Debug;
		};
		7435DC2825AF6423008B7F70 /* Release */ = {
			isa = XCBuildConfiguration;
			buildSettings = {
				ALWAYS_EMBED_SWIFT_STANDARD_LIBRARIES = YES;
				CODE_SIGN_STYLE = Automatic;
				INFOPLIST_FILE = "Music-ProjectUITests/Info.plist";
				LD_RUNPATH_SEARCH_PATHS = (
					"$(inherited)",
					"@executable_path/Frameworks",
					"@loader_path/Frameworks",
				);
				PRODUCT_BUNDLE_IDENTIFIER = "com.atadoruk.Music-ProjectUITests";
				PRODUCT_NAME = "$(TARGET_NAME)";
				SWIFT_VERSION = 5.0;
				TARGETED_DEVICE_FAMILY = "1,2";
				TEST_TARGET_NAME = "Music-Project";
			};
			name = Release;
		};
/* End XCBuildConfiguration section */

/* Begin XCConfigurationList section */
		7435DBEE25AF641C008B7F70 /* Build configuration list for PBXProject "Music-Project" */ = {
			isa = XCConfigurationList;
			buildConfigurations = (
				7435DC1E25AF6423008B7F70 /* Debug */,
				7435DC1F25AF6423008B7F70 /* Release */,
			);
			defaultConfigurationIsVisible = 0;
			defaultConfigurationName = Release;
		};
		7435DC2025AF6423008B7F70 /* Build configuration list for PBXNativeTarget "Music-Project" */ = {
			isa = XCConfigurationList;
			buildConfigurations = (
				7435DC2125AF6423008B7F70 /* Debug */,
				7435DC2225AF6423008B7F70 /* Release */,
			);
			defaultConfigurationIsVisible = 0;
			defaultConfigurationName = Release;
		};
		7435DC2325AF6423008B7F70 /* Build configuration list for PBXNativeTarget "Music-ProjectTests" */ = {
			isa = XCConfigurationList;
			buildConfigurations = (
				7435DC2425AF6423008B7F70 /* Debug */,
				7435DC2525AF6423008B7F70 /* Release */,
			);
			defaultConfigurationIsVisible = 0;
			defaultConfigurationName = Release;
		};
		7435DC2625AF6423008B7F70 /* Build configuration list for PBXNativeTarget "Music-ProjectUITests" */ = {
			isa = XCConfigurationList;
			buildConfigurations = (
				7435DC2725AF6423008B7F70 /* Debug */,
				7435DC2825AF6423008B7F70 /* Release */,
			);
			defaultConfigurationIsVisible = 0;
			defaultConfigurationName = Release;
		};
/* End XCConfigurationList section */

/* Begin XCVersionGroup section */
		7435DBFF25AF641C008B7F70 /* Music_Project.xcdatamodeld */ = {
			isa = XCVersionGroup;
			children = (
				7435DC0025AF641C008B7F70 /* Music_Project.xcdatamodel */,
			);
			currentVersion = 7435DC0025AF641C008B7F70 /* Music_Project.xcdatamodel */;
			path = Music_Project.xcdatamodeld;
			sourceTree = "<group>";
			versionGroupType = wrapper.xcdatamodel;
		};
/* End XCVersionGroup section */
	};
	rootObject = 7435DBEB25AF641C008B7F70 /* Project object */;
}
